PODS:
  - Alamofire (4.7.3)
  - Bolts (1.9.0):
    - Bolts/AppLinks (= 1.9.0)
    - Bolts/Tasks (= 1.9.0)
  - Bolts/AppLinks (1.9.0):
    - Bolts/Tasks
  - Bolts/Tasks (1.9.0)
  - CameraManager (4.0.2)
  - Cosmos (16.0.0)
  - DropDown (2.3.12)
  - FacebookCore (0.3.3):
    - Bolts (~> 1.9)
    - FBSDKCoreKit (~> 4.36)
  - FacebookLogin (0.3.3):
    - Bolts (~> 1.9)
    - FacebookCore (~> 0.3.3)
    - FBSDKCoreKit (~> 4.36)
    - FBSDKLoginKit (~> 4.36)
  - FacebookShare (0.3.3):
    - Bolts (~> 1.9)
    - FacebookCore (~> 0.3.3)
    - FBSDKCoreKit (~> 4.36)
    - FBSDKShareKit (~> 4.36)
  - FBSDKCoreKit (4.40.0):
    - Bolts (~> 1.9)
  - FBSDKLoginKit (4.40.0):
    - FBSDKCoreKit
  - FBSDKShareKit (4.40.0):
    - FBSDKCoreKit
  - FLAnimatedImage (1.0.12)
  - GoogleMaps/Base (2.7.0)
  - GooglePlaces (2.7.0):
    - GoogleMaps/Base (= 2.7.0)
  - IQKeyboardManager (6.0.6)
  - KeychainSwift (11.0.0)
  - Kingfisher (4.7.0)
  - KMPlaceholderTextView (1.4.0)
  - MMPlayerView (3.1.4)
  - NVActivityIndicatorView (4.2.1):
    - NVActivityIndicatorView/Presenter (= 4.2.1)
  - NVActivityIndicatorView/Presenter (4.2.1)
  - NYTPhotoViewer (2.0.0):
    - NYTPhotoViewer/AnimatedGifSupport (= 2.0.0)
    - NYTPhotoViewer/Core (= 2.0.0)
  - NYTPhotoViewer/AnimatedGifSupport (2.0.0):
    - FLAnimatedImage (~> 1.0.12)
    - NYTPhotoViewer/Core
  - NYTPhotoViewer/Core (2.0.0)
  - Player (0.8.4)
  - RangeSeekSlider (1.7.0)
  - SearchTextField (1.2.2)
  - SideMenu (3.1.7)
  - SkyFloatingLabelTextField (3.5.2)
  - SwiftlySlider (0.7.1)
  - SwiftyJSON (4.1.0)

DEPENDENCIES:
  - Alamofire (~> 4.7.2)
  - CameraManager (~> 4.0.2)
  - Cosmos (~> 16.0.0)
  - DropDown
  - FacebookCore (~> 0.3.2)
  - FacebookLogin (~> 0.3.2)
  - FacebookShare (~> 0.3.2)
  - GooglePlaces (~> 2.7.0)
  - IQKeyboardManager (~> 6.0.3)
  - KeychainSwift (~> 11.0.0)
  - Kingfisher (~> 4.7.0)
  - KMPlaceholderTextView (~> 1.4.0)
  - MMPlayerView (~> 3.1.2)
  - NVActivityIndicatorView (~> 4.2.1)
  - NYTPhotoViewer
  - Player (~> 0.8.4)
  - RangeSeekSlider
  - SearchTextField (~> 1.2.0)
  - SideMenu (~> 3.1.5)
  - SkyFloatingLabelTextField (~> 3.5.2)
  - SwiftlySlider
  - SwiftyJSON (~> 4.1.0)

SPEC REPOS:
  https://github.com/cocoapods/specs.git:
    - Alamofire
    - Bolts
    - CameraManager
    - Cosmos
    - DropDown
    - FacebookCore
    - FacebookLogin
    - FacebookShare
    - FBSDKCoreKit
    - FBSDKLoginKit
    - FBSDKShareKit
    - FLAnimatedImage
    - GoogleMaps
    - GooglePlaces
    - IQKeyboardManager
    - KeychainSwift
    - Kingfisher
    - KMPlaceholderTextView
    - MMPlayerView
    - NVActivityIndicatorView
    - NYTPhotoViewer
    - Player
    - RangeSeekSlider
    - SearchTextField
    - SideMenu
    - SkyFloatingLabelTextField
    - SwiftlySlider
    - SwiftyJSON

SPEC CHECKSUMS:
  Alamofire: c7287b6e5d7da964a70935e5db17046b7fde6568
  Bolts: ac6567323eac61e203f6a9763667d0f711be34c8
  CameraManager: 6c096a141790dca3e60ad842f25196bfab7d62ad
  Cosmos: 7bcee0fa858a9355a214f2a181be5dffcee42c81
  DropDown: 0bcc278799ec11a3d34ce1aac9367fbbaf5423d9
  FacebookCore: 9ecbe48cfd37c91a93add7f8cec2b4a2c50a1eec
  FacebookLogin: bdaea5789e9b364fa8a1990ba3bbba4fd2197415
  FacebookShare: 14e88f2dcc3a03376304d2a1e10254296076ce88
  FBSDKCoreKit: ae214474b25033399c131dc81d258e412582a2ba
  FBSDKLoginKit: 7a1e411d46acc8834588eca437daf34de42e1d52
  FBSDKShareKit: 0e45916f4150da485928ae2a17ca021950b194f5
  FLAnimatedImage: 4a0b56255d9b05f18b6dd7ee06871be5d3b89e31
  GoogleMaps: f79af95cb24d869457b1f961c93d3ce8b2f3b848
  GooglePlaces: 3d06e6c99654545b4738ce49648745779c25f2ef
  IQKeyboardManager: 6b4ecd3e59cf55a26133d802d4678721d7f88499
  KeychainSwift: bea6bd9f98af7b8d7ca4aa79fe105c00fab532db
  Kingfisher: da6b005aa96d37698e3e4f1ccfe96a5b9bbf27d6
  KMPlaceholderTextView: 2206c3df39979e9396e2d96fa9f427a8951121b0
  MMPlayerView: 816fe3ee53d77d8c5bb7d6b1727c856d0918ae03
  NVActivityIndicatorView: 8068ba3ad39cb44cbaab25d89ff2546b3f092681
  NYTPhotoViewer: 34b8bd6bcc297466adec1668f9a01249d73c90e6
  Player: e45514e9e5fb8ff18f50eb2ba6f84dac9b6a0024
  RangeSeekSlider: 0386c5a9aa5ebcb2fa5238e8a627280cf46c7c0a
  SearchTextField: a0992739d4b05dcbb40fb3a5cc6526bd991bdd23
  SideMenu: 93aefac046e861875abe260d8ae3578acdd75427
  SkyFloatingLabelTextField: f0672b67cd0e86abda946c0dc3b2fe8580767dbb
  SwiftlySlider: 1c9b3dd207a50b83983b29317e3247711d387e14
  SwiftyJSON: c29297daf073d2aa016295d5809cdd68045c39b3

PODFILE CHECKSUM: 55c7667c30d698e47eda26e9516806ccdf356ceb

COCOAPODS: 1.6.0
